// !$*UTF8*$!
{
	archiveVersion = 1;
	classes = {
	};
	objectVersion = 55;
	objects = {

/* Begin PBXBuildFile section */
		D320D8AF27CF69F000FE0E1B /* List.swift in Sources */ = {isa = PBXBuildFile; fileRef = D320D8AE27CF69F000FE0E1B /* List.swift */; };
		D33DC91727CF5AD00023E79C /* AppDelegate.swift in Sources */ = {isa = PBXBuildFile; fileRef = D33DC91627CF5AD00023E79C /* AppDelegate.swift */; };
		D33DC91927CF5AD00023E79C /* SceneDelegate.swift in Sources */ = {isa = PBXBuildFile; fileRef = D33DC91827CF5AD00023E79C /* SceneDelegate.swift */; };
		D33DC91B27CF5AD00023E79C /* ToDoViwController.swift in Sources */ = {isa = PBXBuildFile; fileRef = D33DC91A27CF5AD00023E79C /* ToDoViwController.swift */; };
		D33DC91E27CF5AD00023E79C /* Main.storyboard in Resources */ = {isa = PBXBuildFile; fileRef = D33DC91C27CF5AD00023E79C /* Main.storyboard */; };
		D33DC92027CF5AD10023E79C /* Assets.xcassets in Resources */ = {isa = PBXBuildFile; fileRef = D33DC91F27CF5AD10023E79C /* Assets.xcassets */; };
		D33DC92327CF5AD10023E79C /* LaunchScreen.storyboard in Resources */ = {isa = PBXBuildFile; fileRef = D33DC92127CF5AD10023E79C /* LaunchScreen.storyboard */; };
		D33DC92D27CF61CB0023E79C /* ToDoTableViewCell.swift in Sources */ = {isa = PBXBuildFile; fileRef = D33DC92B27CF61CB0023E79C /* ToDoTableViewCell.swift */; };
		D33DC92E27CF61CB0023E79C /* ToDoTableViewCell.xib in Resources */ = {isa = PBXBuildFile; fileRef = D33DC92C27CF61CB0023E79C /* ToDoTableViewCell.xib */; };
		D33DC93127CF62500023E79C /* Constant.swift in Sources */ = {isa = PBXBuildFile; fileRef = D33DC93027CF62500023E79C /* Constant.swift */; };
		D33DC93327CF62CE0023E79C /* NewTaskViewController.swift in Sources */ = {isa = PBXBuildFile; fileRef = D33DC93227CF62CD0023E79C /* NewTaskViewController.swift */; };
/* End PBXBuildFile section */

/* Begin PBXFileReference section */
		D320D8AE27CF69F000FE0E1B /* List.swift */ = {isa = PBXFileReference; lastKnownFileType = sourcecode.swift; path = List.swift; sourceTree = "<group>"; };
		D33DC91327CF5AD00023E79C /* ToDoListDemo.app */ = {isa = PBXFileReference; explicitFileType = wrapper.application; includeInIndex = 0; path = ToDoListDemo.app; sourceTree = BUILT_PRODUCTS_DIR; };
		D33DC91627CF5AD00023E79C /* AppDelegate.swift */ = {isa = PBXFileReference; lastKnownFileType = sourcecode.swift; path = AppDelegate.swift; sourceTree = "<group>"; };
		D33DC91827CF5AD00023E79C /* SceneDelegate.swift */ = {isa = PBXFileReference; lastKnownFileType = sourcecode.swift; path = SceneDelegate.swift; sourceTree = "<group>"; };
		D33DC91A27CF5AD00023E79C /* ToDoViwController.swift */ = {isa = PBXFileReference; lastKnownFileType = sourcecode.swift; path = ToDoViwController.swift; sourceTree = "<group>"; };
		D33DC91D27CF5AD00023E79C /* Base */ = {isa = PBXFileReference; lastKnownFileType = file.storyboard; name = Base; path = Base.lproj/Main.storyboard; sourceTree = "<group>"; };
		D33DC91F27CF5AD10023E79C /* Assets.xcassets */ = {isa = PBXFileReference; lastKnownFileType = folder.assetcatalog; path = Assets.xcassets; sourceTree = "<group>"; };
		D33DC92227CF5AD10023E79C /* Base */ = {isa = PBXFileReference; lastKnownFileType = file.storyboard; name = Base; path = Base.lproj/LaunchScreen.storyboard; sourceTree = "<group>"; };
		D33DC92427CF5AD10023E79C /* Info.plist */ = {isa = PBXFileReference; lastKnownFileType = text.plist.xml; path = Info.plist; sourceTree = "<group>"; };
		D33DC92B27CF61CB0023E79C /* ToDoTableViewCell.swift */ = {isa = PBXFileReference; lastKnownFileType = sourcecode.swift; path = ToDoTableViewCell.swift; sourceTree = "<group>"; };
		D33DC92C27CF61CB0023E79C /* ToDoTableViewCell.xib */ = {isa = PBXFileReference; lastKnownFileType = file.xib; path = ToDoTableViewCell.xib; sourceTree = "<group>"; };
		D33DC93027CF62500023E79C /* Constant.swift */ = {isa = PBXFileReference; lastKnownFileType = sourcecode.swift; path = Constant.swift; sourceTree = "<group>"; };
		D33DC93227CF62CD0023E79C /* NewTaskViewController.swift */ = {isa = PBXFileReference; lastKnownFileType = sourcecode.swift; path = NewTaskViewController.swift; sourceTree = "<group>"; };
/* End PBXFileReference section */

/* Begin PBXFrameworksBuildPhase section */
		D33DC91027CF5AD00023E79C /* Frameworks */ = {
			isa = PBXFrameworksBuildPhase;
			buildActionMask = 2147483647;
			files = (
			);
			runOnlyForDeploymentPostprocessing = 0;
		};
/* End PBXFrameworksBuildPhase section */

/* Begin PBXGroup section */
		D320D8AD27CF69D800FE0E1B /* Model */ = {
			isa = PBXGroup;
			children = (
				D320D8AE27CF69F000FE0E1B /* List.swift */,
			);
			path = Model;
			sourceTree = "<group>";
		};
		D320D8B027CF74C100FE0E1B /* Delegate */ = {
			isa = PBXGroup;
			children = (
				D33DC91627CF5AD00023E79C /* AppDelegate.swift */,
				D33DC91827CF5AD00023E79C /* SceneDelegate.swift */,
			);
			path = Delegate;
			sourceTree = "<group>";
		};
		D33DC90A27CF5AD00023E79C = {
			isa = PBXGroup;
			children = (
				D33DC91527CF5AD00023E79C /* ToDoListDemo */,
				D33DC91427CF5AD00023E79C /* Products */,
			);
			sourceTree = "<group>";
		};
		D33DC91427CF5AD00023E79C /* Products */ = {
			isa = PBXGroup;
			children = (
				D33DC91327CF5AD00023E79C /* ToDoListDemo.app */,
			);
			name = Products;
			sourceTree = "<group>";
		};
		D33DC91527CF5AD00023E79C /* ToDoListDemo */ = {
			isa = PBXGroup;
			children = (
				D320D8AD27CF69D800FE0E1B /* Model */,
				D33DC93427CF62D50023E79C /* View */,
				D33DC92F27CF62350023E79C /* Constant */,
				D33DC92A27CF61570023E79C /* Controller */,
				D320D8B027CF74C100FE0E1B /* Delegate */,
				D33DC91F27CF5AD10023E79C /* Assets.xcassets */,
				D33DC92427CF5AD10023E79C /* Info.plist */,
			);
			path = ToDoListDemo;
			sourceTree = "<group>";
		};
		D33DC92A27CF61570023E79C /* Controller */ = {
			isa = PBXGroup;
			children = (
				D33DC91A27CF5AD00023E79C /* ToDoViwController.swift */,
				D33DC92B27CF61CB0023E79C /* ToDoTableViewCell.swift */,
				D33DC93227CF62CD0023E79C /* NewTaskViewController.swift */,
			);
			path = Controller;
			sourceTree = "<group>";
		};
		D33DC92F27CF62350023E79C /* Constant */ = {
			isa = PBXGroup;
			children = (
				D33DC93027CF62500023E79C /* Constant.swift */,
			);
			path = Constant;
			sourceTree = "<group>";
		};
		D33DC93427CF62D50023E79C /* View */ = {
			isa = PBXGroup;
			children = (
				D33DC91C27CF5AD00023E79C /* Main.storyboard */,
				D33DC92C27CF61CB0023E79C /* ToDoTableViewCell.xib */,
				D33DC92127CF5AD10023E79C /* LaunchScreen.storyboard */,
			);
			path = View;
			sourceTree = "<group>";
		};
/* End PBXGroup section */

/* Begin PBXNativeTarget section */
		D33DC91227CF5AD00023E79C /* ToDoListDemo */ = {
			isa = PBXNativeTarget;
			buildConfigurationList = D33DC92727CF5AD10023E79C /* Build configuration list for PBXNativeTarget "ToDoListDemo" */;
			buildPhases = (
				D33DC90F27CF5AD00023E79C /* Sources */,
				D33DC91027CF5AD00023E79C /* Frameworks */,
				D33DC91127CF5AD00023E79C /* Resources */,
			);
			buildRules = (
			);
			dependencies = (
			);
			name = ToDoListDemo;
			productName = ToDoListDemo;
			productReference = D33DC91327CF5AD00023E79C /* ToDoListDemo.app */;
			productType = "com.apple.product-type.application";
		};
/* End PBXNativeTarget section */

/* Begin PBXProject section */
		D33DC90B27CF5AD00023E79C /* Project object */ = {
			isa = PBXProject;
			attributes = {
				BuildIndependentTargetsInParallel = 1;
				LastSwiftUpdateCheck = 1320;
				LastUpgradeCheck = 1320;
				TargetAttributes = {
					D33DC91227CF5AD00023E79C = {
						CreatedOnToolsVersion = 13.2.1;
					};
				};
			};
			buildConfigurationList = D33DC90E27CF5AD00023E79C /* Build configuration list for PBXProject "ToDoListDemo" */;
			compatibilityVersion = "Xcode 13.0";
			developmentRegion = en;
			hasScannedForEncodings = 0;
			knownRegions = (
				en,
				Base,
			);
			mainGroup = D33DC90A27CF5AD00023E79C;
			productRefGroup = D33DC91427CF5AD00023E79C /* Products */;
			projectDirPath = "";
			projectRoot = "";
			targets = (
				D33DC91227CF5AD00023E79C /* ToDoListDemo */,
			);
		};
/* End PBXProject section */

/* Begin PBXResourcesBuildPhase section */
		D33DC91127CF5AD00023E79C /* Resources */ = {
			isa = PBXResourcesBuildPhase;
			buildActionMask = 2147483647;
			files = (
				D33DC92327CF5AD10023E79C /* LaunchScreen.storyboard in Resources */,
				D33DC92027CF5AD10023E79C /* Assets.xcassets in Resources */,
				D33DC91E27CF5AD00023E79C /* Main.storyboard in Resources */,
				D33DC92E27CF61CB0023E79C /* ToDoTableViewCell.xib in Resources */,
			);
			runOnlyForDeploymentPostprocessing = 0;
		};
/* End PBXResourcesBuildPhase section */

/* Begin PBXSourcesBuildPhase section */
		D33DC90F27CF5AD00023E79C /* Sources */ = {
			isa = PBXSourcesBuildPhase;
			buildActionMask = 2147483647;
			files = (
				D33DC91B27CF5AD00023E79C /* ToDoViwController.swift in Sources */,
				D33DC91727CF5AD00023E79C /* AppDelegate.swift in Sources */,
				D320D8AF27CF69F000FE0E1B /* List.swift in Sources */,
				D33DC93127CF62500023E79C /* Constant.swift in Sources */,
				D33DC91927CF5AD00023E79C /* SceneDelegate.swift in Sources */,
				D33DC93327CF62CE0023E79C /* NewTaskViewController.swift in Sources */,
				D33DC92D27CF61CB0023E79C /* ToDoTableViewCell.swift in Sources */,
			);
			runOnlyForDeploymentPostprocessing = 0;
		};
/* End PBXSourcesBuildPhase section */

/* Begin PBXVariantGroup section */
		D33DC91C27CF5AD00023E79C /* Main.storyboard */ = {
			isa = PBXVariantGroup;
			children = (
				D33DC91D27CF5AD00023E79C /* Base */,
			);
			name = Main.storyboard;
			sourceTree = "<group>";
		};
		D33DC92127CF5AD10023E79C /* LaunchScreen.storyboard */ = {
			isa = PBXVariantGroup;
			children = (
				D33DC92227CF5AD10023E79C /* Base */,
			);
			name = LaunchScreen.storyboard;
			sourceTree = "<group>";
		};
/* End PBXVariantGroup section */

/* Begin XCBuildConfiguration section */
		D33DC92527CF5AD10023E79C /* Debug */ = {
			isa = XCBuildConfiguration;
			buildSettings = {
				ALWAYS_SEARCH_USER_PATHS = NO;
				CLANG_ANALYZER_NONNULL = YES;
				CLANG_ANALYZER_NUMBER_OBJECT_CONVERSION = YES_AGGRESSIVE;
				CLANG_CXX_LANGUAGE_STANDARD = "gnu++17";
				CLANG_CXX_LIBRARY = "libc++";
				CLANG_ENABLE_MODULES = YES;
				CLANG_ENABLE_OBJC_ARC = YES;
				CLANG_ENABLE_OBJC_WEAK = YES;
				CLANG_WARN_BLOCK_CAPTURE_AUTORELEASING = YES;
				CLANG_WARN_BOOL_CONVERSION = YES;
				CLANG_WARN_COMMA = YES;
				CLANG_WARN_CONSTANT_CONVERSION = YES;
				CLANG_WARN_DEPRECATED_OBJC_IMPLEMENTATIONS = YES;
				CLANG_WARN_DIRECT_OBJC_ISA_USAGE = YES_ERROR;
				CLANG_WARN_DOCUMENTATION_COMMENTS = YES;
				CLANG_WARN_EMPTY_BODY = YES;
				CLANG_WARN_ENUM_CONVERSION = YES;
				CLANG_WARN_INFINITE_RECURSION = YES;
				CLANG_WARN_INT_CONVERSION = YES;
				CLANG_WARN_NON_LITERAL_NULL_CONVERSION = YES;
				CLANG_WARN_OBJC_IMPLICIT_RETAIN_SELF = YES;
				CLANG_WARN_OBJC_LITERAL_CONVERSION = YES;
				CLANG_WARN_OBJC_ROOT_CLASS = YES_ERROR;
				CLANG_WARN_QUOTED_INCLUDE_IN_FRAMEWORK_HEADER = YES;
				CLANG_WARN_RANGE_LOOP_ANALYSIS = YES;
				CLANG_WARN_STRICT_PROTOTYPES = YES;
				CLANG_WARN_SUSPICIOUS_MOVE = YES;
				CLANG_WARN_UNGUARDED_AVAILABILITY = YES_AGGRESSIVE;
				CLANG_WARN_UNREACHABLE_CODE = YES;
				CLANG_WARN__DUPLICATE_METHOD_MATCH = YES;
				COPY_PHASE_STRIP = NO;
				DEBUG_INFORMATION_FORMAT = dwarf;
				ENABLE_STRICT_OBJC_MSGSEND = YES;
				ENABLE_TESTABILITY = YES;
				GCC_C_LANGUAGE_STANDARD = gnu11;
				GCC_DYNAMIC_NO_PIC = NO;
				GCC_NO_COMMON_BLOCKS = YES;
				GCC_OPTIMIZATION_LEVEL = 0;
				GCC_PREPROCESSOR_DEFINITIONS = (
					"DEBUG=1",
					"$(inherited)",
				);
				GCC_WARN_64_TO_32_BIT_CONVERSION = YES;
				GCC_WARN_ABOUT_RETURN_TYPE = YES_ERROR;
				GCC_WARN_UNDECLARED_SELECTOR = YES;
				GCC_WARN_UNINITIALIZED_AUTOS = YES_AGGRESSIVE;
				GCC_WARN_UNUSED_FUNCTION = YES;
				GCC_WARN_UNUSED_VARIABLE = YES;
				IPHONEOS_DEPLOYMENT_TARGET = 15.2;
				MTL_ENABLE_DEBUG_INFO = INCLUDE_SOURCE;
				MTL_FAST_MATH = YES;
				ONLY_ACTIVE_ARCH = YES;
				SDKROOT = iphoneos;
				SWIFT_ACTIVE_COMPILATION_CONDITIONS = DEBUG;
				SWIFT_OPTIMIZATION_LEVEL = "-Onone";
			};
			name = Debug;
		};
		D33DC92627CF5AD10023E79C /* Release */ = {
			isa = XCBuildConfiguration;
			buildSettings = {
				ALWAYS_SEARCH_USER_PATHS = NO;
				CLANG_ANALYZER_NONNULL = YES;
				CLANG_ANALYZER_NUMBER_OBJECT_CONVERSION = YES_AGGRESSIVE;
				CLANG_CXX_LANGUAGE_STANDARD = "gnu++17";
				CLANG_CXX_LIBRARY = "libc++";
				CLANG_ENABLE_MODULES = YES;
				CLANG_ENABLE_OBJC_ARC = YES;
				CLANG_ENABLE_OBJC_WEAK = YES;
				CLANG_WARN_BLOCK_CAPTURE_AUTORELEASING = YES;
				CLANG_WARN_BOOL_CONVERSION = YES;
				CLANG_WARN_COMMA = YES;
				CLANG_WARN_CONSTANT_CONVERSION = YES;
				CLANG_WARN_DEPRECATED_OBJC_IMPLEMENTATIONS = YES;
				CLANG_WARN_DIRECT_OBJC_ISA_USAGE = YES_ERROR;
				CLANG_WARN_DOCUMENTATION_COMMENTS = YES;
				CLANG_WARN_EMPTY_BODY = YES;
				CLANG_WARN_ENUM_CONVERSION = YES;
				CLANG_WARN_INFINITE_RECURSION = YES;
				CLANG_WARN_INT_CONVERSION = YES;
				CLANG_WARN_NON_LITERAL_NULL_CONVERSION = YES;
				CLANG_WARN_OBJC_IMPLICIT_RETAIN_SELF = YES;
				CLANG_WARN_OBJC_LITERAL_CONVERSION = YES;
				CLANG_WARN_OBJC_ROOT_CLASS = YES_ERROR;
				CLANG_WARN_QUOTED_INCLUDE_IN_FRAMEWORK_HEADER = YES;
				CLANG_WARN_RANGE_LOOP_ANALYSIS = YES;
				CLANG_WARN_STRICT_PROTOTYPES = YES;
				CLANG_WARN_SUSPICIOUS_MOVE = YES;
				CLANG_WARN_UNGUARDED_AVAILABILITY = YES_AGGRESSIVE;
				CLANG_WARN_UNREACHABLE_CODE = YES;
				CLANG_WARN__DUPLICATE_METHOD_MATCH = YES;
				COPY_PHASE_STRIP = NO;
				DEBUG_INFORMATION_FORMAT = "dwarf-with-dsym";
				ENABLE_NS_ASSERTIONS = NO;
				ENABLE_STRICT_OBJC_MSGSEND = YES;
				GCC_C_LANGUAGE_STANDARD = gnu11;
				GCC_NO_COMMON_BLOCKS = YES;
				GCC_WARN_64_TO_32_BIT_CONVERSION = YES;
				GCC_WARN_ABOUT_RETURN_TYPE = YES_ERROR;
				GCC_WARN_UNDECLARED_SELECTOR = YES;
				GCC_WARN_UNINITIALIZED_AUTOS = YES_AGGRESSIVE;
				GCC_WARN_UNUSED_FUNCTION = YES;
				GCC_WARN_UNUSED_VARIABLE = YES;
				IPHONEOS_DEPLOYMENT_TARGET = 15.2;
				MTL_ENABLE_DEBUG_INFO = NO;
				MTL_FAST_MATH = YES;
				SDKROOT = iphoneos;
				SWIFT_COMPILATION_MODE = wholemodule;
				SWIFT_OPTIMIZATION_LEVEL = "-O";
				VALIDATE_PRODUCT = YES;
			};
			name = Release;
		};
		D33DC92827CF5AD10023E79C /* Debug */ = {
			isa = XCBuildConfiguration;
			buildSettings = {
				ASSETCATALOG_COMPILER_APPICON_NAME = AppIcon;
				ASSETCATALOG_COMPILER_GLOBAL_ACCENT_COLOR_NAME = AccentColor;
				CODE_SIGN_STYLE = Automatic;
				CURRENT_PROJECT_VERSION = 1;
				DEVELOPMENT_TEAM = DZ2UT2DP92;
				GENERATE_INFOPLIST_FILE = YES;
				INFOPLIST_FILE = ToDoListDemo/Info.plist;
				INFOPLIST_KEY_UIApplicationSupportsIndirectInputEvents = YES;
				INFOPLIST_KEY_UILaunchStoryboardName = LaunchScreen;
				INFOPLIST_KEY_UIMainStoryboardFile = Main;
				INFOPLIST_KEY_UISupportedInterfaceOrientations_iPad = "UIInterfaceOrientationPortrait UIInterfaceOrientationPortraitUpsideDown UIInterfaceOrientationLandscapeLeft UIInterfaceOrientationLandscapeRight";
				INFOPLIST_KEY_UISupportedInterfaceOrientations_iPhone = "UIInterfaceOrientationPortrait UIInterfaceOrientationLandscapeLeft UIInterfaceOrientationLandscapeRight";
				LD_RUNPATH_SEARCH_PATHS = (
					"$(inherited)",
					"@executable_path/Frameworks",
				);
				MARKETING_VERSION = 1.0;
				PRODUCT_BUNDLE_IDENTIFIER = "com.Bin-Abbas.ToDoListDemo";
				PRODUCT_NAME = "$(TARGET_NAME)";
				SWIFT_EMIT_LOC_STRINGS = YES;
				SWIFT_VERSION = 5.0;
				TARGETED_DEVICE_FAMILY = "1,2";
			};
			name = Debug;
		};
		D33DC92927CF5AD10023E79C /* Release */ = {
			isa = XCBuildConfiguration;
			buildSettings = {
				ASSETCATALOG_COMPILER_APPICON_NAME = AppIcon;
				ASSETCATALOG_COMPILER_GLOBAL_ACCENT_COLOR_NAME = AccentColor;
				CODE_SIGN_STYLE = Automatic;
				CURRENT_PROJECT_VERSION = 1;
				DEVELOPMENT_TEAM = DZ2UT2DP92;
				GENERATE_INFOPLIST_FILE = YES;
				INFOPLIST_FILE = ToDoListDemo/Info.plist;
				INFOPLIST_KEY_UIApplicationSupportsIndirectInputEvents = YES;
				INFOPLIST_KEY_UILaunchStoryboardName = LaunchScreen;
				INFOPLIST_KEY_UIMainStoryboardFile = Main;
				INFOPLIST_KEY_UISupportedInterfaceOrientations_iPad = "UIInterfaceOrientationPortrait UIInterfaceOrientationPortraitUpsideDown UIInterfaceOrientationLandscapeLeft UIInterfaceOrientationLandscapeRight";
				INFOPLIST_KEY_UISupportedInterfaceOrientations_iPhone = "UIInterfaceOrientationPortrait UIInterfaceOrientationLandscapeLeft UIInterfaceOrientationLandscapeRight";
				LD_RUNPATH_SEARCH_PATHS = (
					"$(inherited)",
					"@executable_path/Frameworks",
				);
				MARKETING_VERSION = 1.0;
				PRODUCT_BUNDLE_IDENTIFIER = "com.Bin-Abbas.ToDoListDemo";
				PRODUCT_NAME = "$(TARGET_NAME)";
				SWIFT_EMIT_LOC_STRINGS = YES;
				SWIFT_VERSION = 5.0;
				TARGETED_DEVICE_FAMILY = "1,2";
			};
			name = Release;
		};
/* End XCBuildConfiguration section */

/* Begin XCConfigurationList section */
		D33DC90E27CF5AD00023E79C /* Build configuration list for PBXProject "ToDoListDemo" */ = {
			isa = XCConfigurationList;
			buildConfigurations = (
				D33DC92527CF5AD10023E79C /* Debug */,
				D33DC92627CF5AD10023E79C /* Release */,
			);
			defaultConfigurationIsVisible = 0;
			defaultConfigurationName = Release;
		};
		D33DC92727CF5AD10023E79C /* Build configuration list for PBXNativeTarget "ToDoListDemo" */ = {
			isa = XCConfigurationList;
			buildConfigurations = (
				D33DC92827CF5AD10023E79C /* Debug */,
				D33DC92927CF5AD10023E79C /* Release */,
			);
			defaultConfigurationIsVisible = 0;
			defaultConfigurationName = Release;
		};
/* End XCConfigurationList section */
	};
	rootObject = D33DC90B27CF5AD00023E79C /* Project object */;
}
